{
  "name": "bossy",
  "version": "0.1.0",
  "lockfileVersion": 1,
  "requires": true,
  "dependencies": {
    "bowser": {
      "version": "2.9.0",
      "resolved": "https://registry.npmjs.org/bowser/-/bowser-2.9.0.tgz",
      "integrity": "sha512-2ld76tuLBNFekRgmJfT2+3j5MIrP6bFict8WAIT3beq+srz1gcKNAdNKMqHqauQt63NmAa88HfP1/Ypa9Er3HA=="
    },
    "camelize": {
      "version": "1.0.0",
      "resolved": "https://registry.npmjs.org/camelize/-/camelize-1.0.0.tgz",
      "integrity": "sha1-FkpUg+Yw+kMh5a8HAg5TGDGyYJs="
    },
    "content-security-policy-builder": {
      "version": "2.1.0",
      "resolved": "https://registry.npmjs.org/content-security-policy-builder/-/content-security-policy-builder-2.1.0.tgz",
      "integrity": "sha512-/MtLWhJVvJNkA9dVLAp6fg9LxD2gfI6R2Fi1hPmfjYXSahJJzcfvoeDOxSyp4NvxMuwWv3WMssE9o31DoULHrQ=="
    },
    "dasherize": {
      "version": "2.0.0",
      "resolved": "https://registry.npmjs.org/dasherize/-/dasherize-2.0.0.tgz",
      "integrity": "sha1-bYCcnNDPe7iVLYD8hPoT1H3bEwg="
    },
    "depd": {
      "version": "2.0.0",
      "resolved": "https://registry.npmjs.org/depd/-/depd-2.0.0.tgz",
      "integrity": "sha512-g7nH6P6dyDioJogAAGprGpCtVImJhpPk/roCzdb3fIh61/s/nPsfR6onyMwkCAR/OlC3yBC0lESvUoQEAssIrw=="
    },
    "dns-prefetch-control": {
      "version": "0.2.0",
      "resolved": "https://registry.npmjs.org/dns-prefetch-control/-/dns-prefetch-control-0.2.0.tgz",
      "integrity": "sha512-hvSnros73+qyZXhHFjx2CMLwoj3Fe7eR9EJsFsqmcI1bB2OBWL/+0YzaEaKssCHnj/6crawNnUyw74Gm2EKe+Q=="
    },
    "dont-sniff-mimetype": {
      "version": "1.1.0",
      "resolved": "https://registry.npmjs.org/dont-sniff-mimetype/-/dont-sniff-mimetype-1.1.0.tgz",
      "integrity": "sha512-ZjI4zqTaxveH2/tTlzS1wFp+7ncxNZaIEWYg3lzZRHkKf5zPT/MnEG6WL0BhHMJUabkh8GeU5NL5j+rEUCb7Ug=="
    },
    "expect-ct": {
      "version": "0.2.0",
      "resolved": "https://registry.npmjs.org/expect-ct/-/expect-ct-0.2.0.tgz",
      "integrity": "sha512-6SK3MG/Bbhm8MsgyJAylg+ucIOU71/FzyFalcfu5nY19dH8y/z0tBJU0wrNBXD4B27EoQtqPF/9wqH0iYAd04g=="
    },
    "feature-policy": {
      "version": "0.3.0",
      "resolved": "https://registry.npmjs.org/feature-policy/-/feature-policy-0.3.0.tgz",
      "integrity": "sha512-ZtijOTFN7TzCujt1fnNhfWPFPSHeZkesff9AXZj+UEjYBynWNUIYpC87Ve4wHzyexQsImicLu7WsC2LHq7/xrQ=="
    },
    "frameguard": {
      "version": "3.1.0",
      "resolved": "https://registry.npmjs.org/frameguard/-/frameguard-3.1.0.tgz",
      "integrity": "sha512-TxgSKM+7LTA6sidjOiSZK9wxY0ffMPY3Wta//MqwmX0nZuEHc8QrkV8Fh3ZhMJeiH+Uyh/tcaarImRy8u77O7g=="
    },
    "helmet": {
      "version": "3.21.3",
      "resolved": "https://registry.npmjs.org/helmet/-/helmet-3.21.3.tgz",
      "integrity": "sha512-8OjGNdpG3WQhPO71fSy2fT4X3FSNutU1LDeAf+YS+Vil6r+fE7w8per5mNed6egGYbZl3QhKXgFzMYSwys+YQw==",
      "requires": {
        "depd": "2.0.0",
        "dns-prefetch-control": "0.2.0",
        "dont-sniff-mimetype": "1.1.0",
        "expect-ct": "0.2.0",
        "feature-policy": "0.3.0",
        "frameguard": "3.1.0",
        "helmet-crossdomain": "0.4.0",
        "helmet-csp": "2.9.5",
        "hide-powered-by": "1.1.0",
        "hpkp": "2.0.0",
        "hsts": "2.2.0",
        "ienoopen": "1.1.0",
        "nocache": "2.1.0",
        "referrer-policy": "1.2.0",
        "x-xss-protection": "1.3.0"
      }
    },
    "helmet-crossdomain": {
      "version": "0.4.0",
      "resolved": "https://registry.npmjs.org/helmet-crossdomain/-/helmet-crossdomain-0.4.0.tgz",
      "integrity": "sha512-AB4DTykRw3HCOxovD1nPR16hllrVImeFp5VBV9/twj66lJ2nU75DP8FPL0/Jp4jj79JhTfG+pFI2MD02kWJ+fA=="
    },
    "helmet-csp": {
      "version": "2.9.5",
      "resolved": "https://registry.npmjs.org/helmet-csp/-/helmet-csp-2.9.5.tgz",
      "integrity": "sha512-w9nps5adqFQwgktVPDbXkARmZot/nr8aegzQas9AXdBSwBFBBefPpDSTV0wtgHlAUdDwY6MZo7qAl9yts3ppJg==",
      "requires": {
        "bowser": "2.9.0",
        "camelize": "1.0.0",
        "content-security-policy-builder": "2.1.0",
        "dasherize": "2.0.0"
      }
    },
    "hide-powered-by": {
      "version": "1.1.0",
      "resolved": "https://registry.npmjs.org/hide-powered-by/-/hide-powered-by-1.1.0.tgz",
      "integrity": "sha512-Io1zA2yOA1YJslkr+AJlWSf2yWFkKjvkcL9Ni1XSUqnGLr/qRQe2UI3Cn/J9MsJht7yEVCe0SscY1HgVMujbgg=="
    },
    "hpkp": {
      "version": "2.0.0",
      "resolved": "https://registry.npmjs.org/hpkp/-/hpkp-2.0.0.tgz",
      "integrity": "sha1-EOFCJk52IVpdMMROxD3mTe5tFnI="
    },
    "hsts": {
      "version": "2.2.0",
      "resolved": "https://registry.npmjs.org/hsts/-/hsts-2.2.0.tgz",
      "integrity": "sha512-ToaTnQ2TbJkochoVcdXYm4HOCliNozlviNsg+X2XQLQvZNI/kCHR9rZxVYpJB3UPcHz80PgxRyWQ7PdU1r+VBQ==",
      "requires": {
        "depd": "2.0.0"
      }
    },
    "ienoopen": {
      "version": "1.1.0",
      "resolved": "https://registry.npmjs.org/ienoopen/-/ienoopen-1.1.0.tgz",
      "integrity": "sha512-MFs36e/ca6ohEKtinTJ5VvAJ6oDRAYFdYXweUnGY9L9vcoqFOU4n2ZhmJ0C4z/cwGZ3YIQRSB3XZ1+ghZkY5NQ=="
    },
    "nocache": {
      "version": "2.1.0",
      "resolved": "https://registry.npmjs.org/nocache/-/nocache-2.1.0.tgz",
      "integrity": "sha512-0L9FvHG3nfnnmaEQPjT9xhfN4ISk0A8/2j4M37Np4mcDesJjHgEUfgPhdCyZuFI954tjokaIj/A3NdpFNdEh4Q=="
    },
    "referrer-policy": {
      "version": "1.2.0",
      "resolved": "https://registry.npmjs.org/referrer-policy/-/referrer-policy-1.2.0.tgz",
      "integrity": "sha512-LgQJIuS6nAy1Jd88DCQRemyE3mS+ispwlqMk3b0yjZ257fI1v9c+/p6SD5gP5FGyXUIgrNOAfmyioHwZtYv2VA=="
    },
    "x-xss-protection": {
      "version": "1.3.0",
      "resolved": "https://registry.npmjs.org/x-xss-protection/-/x-xss-protection-1.3.0.tgz",
      "integrity": "sha512-kpyBI9TlVipZO4diReZMAHWtS0MMa/7Kgx8hwG/EuZLiA6sg4Ah/4TRdASHhRRN3boobzcYgFRUFSgHRge6Qhg=="
    }
  }
}
